
Microsoft Visual Studio Solution File, Format Version 12.00
# Visual Studio Version 16
VisualStudioVersion = 16.0.30907.101
MinimumVisualStudioVersion = 10.0.40219.1
Project("{9A19103F-16F7-4668-BE54-9A1E7A4F7556}") = "GameOfLife", "GameOfLife.csproj", "{46089C92-9466-4EC5-9140-13B6132F1149}"
EndProject
Global
	GlobalSection(SolutionConfigurationPlatforms) = preSolution
		Debug|Any CPU = Debug|Any CPU
		Release|Any CPU = Release|Any CPU
	EndGlobalSection
	GlobalSection(ProjectConfigurationPlatforms) = postSolution
		{46089C92-9466-4EC5-9140-13B6132F1149}.Debug|Any CPU.ActiveCfg = Release|Any CPU
		{46089C92-9466-4EC5-9140-13B6132F1149}.Debug|Any CPU.Build.0 = Release|Any CPU
		{46089C92-9466-4EC5-9140-13B6132F1149}.Release|Any CPU.ActiveCfg = Release|Any CPU
		{46089C92-9466-4EC5-9140-13B6132F1149}.Release|Any CPU.Build.0 = Release|Any CPU
	EndGlobalSection
	GlobalSection(SolutionProperties) = preSolution
		HideSolutionNode = FALSE
	EndGlobalSection
	GlobalSection(ExtensibilityGlobals) = postSolution
		SolutionGuid = {D5DE87ED-5A26-4F02-9D14-7F1A26E21CCC}
	EndGlobalSection
EndGlobal
